// !$*UTF8*$!
{
	archiveVersion = 1;
	classes = {
	};
	objectVersion = 50;
	objects = {

/* Begin PBXBuildFile section */
		CCE90D75250EA26F00CC3685 /* AppDelegate.swift in Sources */ = {isa = PBXBuildFile; fileRef = CCE90D74250EA26F00CC3685 /* AppDelegate.swift */; };
		CCE90D77250EA26F00CC3685 /* SceneDelegate.swift in Sources */ = {isa = PBXBuildFile; fileRef = CCE90D76250EA26F00CC3685 /* SceneDelegate.swift */; };
		CCE90D79250EA26F00CC3685 /* ViewController.swift in Sources */ = {isa = PBXBuildFile; fileRef = CCE90D78250EA26F00CC3685 /* ViewController.swift */; };
		CCE90D7C250EA26F00CC3685 /* Main.storyboard in Resources */ = {isa = PBXBuildFile; fileRef = CCE90D7A250EA26F00CC3685 /* Main.storyboard */; };
		CCE90D7E250EA27200CC3685 /* Assets.xcassets in Resources */ = {isa = PBXBuildFile; fileRef = CCE90D7D250EA27200CC3685 /* Assets.xcassets */; };
		CCE90D81250EA27200CC3685 /* LaunchScreen.storyboard in Resources */ = {isa = PBXBuildFile; fileRef = CCE90D7F250EA27200CC3685 /* LaunchScreen.storyboard */; };
/* End PBXBuildFile section */

/* Begin PBXFileReference section */
		CCE90D71250EA26F00CC3685 /* Color Maker.app */ = {isa = PBXFileReference; explicitFileType = wrapper.application; includeInIndex = 0; path = "Color Maker.app"; sourceTree = BUILT_PRODUCTS_DIR; };
		CCE90D74250EA26F00CC3685 /* AppDelegate.swift */ = {isa = PBXFileReference; lastKnownFileType = sourcecode.swift; path = AppDelegate.swift; sourceTree = "<group>"; };
		CCE90D76250EA26F00CC3685 /* SceneDelegate.swift */ = {isa = PBXFileReference; lastKnownFileType = sourcecode.swift; path = SceneDelegate.swift; sourceTree = "<group>"; };
		CCE90D78250EA26F00CC3685 /* ViewController.swift */ = {isa = PBXFileReference; lastKnownFileType = sourcecode.swift; path = ViewController.swift; sourceTree = "<group>"; };
		CCE90D7B250EA26F00CC3685 /* Base */ = {isa = PBXFileReference; lastKnownFileType = file.storyboard; name = Base; path = Base.lproj/Main.storyboard; sourceTree = "<group>"; };
		CCE90D7D250EA27200CC3685 /* Assets.xcassets */ = {isa = PBXFileReference; lastKnownFileType = folder.assetcatalog; path = Assets.xcassets; sourceTree = "<group>"; };
		CCE90D80250EA27200CC3685 /* Base */ = {isa = PBXFileReference; lastKnownFileType = file.storyboard; name = Base; path = Base.lproj/LaunchScreen.storyboard; sourceTree = "<group>"; };
		CCE90D82250EA27200CC3685 /* Info.plist */ = {isa = PBXFileReference; lastKnownFileType = text.plist.xml; path = Info.plist; sourceTree = "<group>"; };
/* End PBXFileReference section */

/* Begin PBXFrameworksBuildPhase section */
		CCE90D6E250EA26F00CC3685 /* Frameworks */ = {
			isa = PBXFrameworksBuildPhase;
			buildActionMask = 2147483647;
			files = (
			);
			runOnlyForDeploymentPostprocessing = 0;
		};
/* End PBXFrameworksBuildPhase section */

/* Begin PBXGroup section */
		CCE90D68250EA26F00CC3685 = {
			isa = PBXGroup;
			children = (
				CCE90D73250EA26F00CC3685 /* Color Maker */,
				CCE90D72250EA26F00CC3685 /* Products */,
			);
			sourceTree = "<group>";
		};
		CCE90D72250EA26F00CC3685 /* Products */ = {
			isa = PBXGroup;
			children = (
				CCE90D71250EA26F00CC3685 /* Color Maker.app */,
			);
			name = Products;
			sourceTree = "<group>";
		};
		CCE90D73250EA26F00CC3685 /* Color Maker */ = {
			isa = PBXGroup;
			children = (
				CCE90D74250EA26F00CC3685 /* AppDelegate.swift */,
				CCE90D76250EA26F00CC3685 /* SceneDelegate.swift */,
				CCE90D78250EA26F00CC3685 /* ViewController.swift */,
				CCE90D7A250EA26F00CC3685 /* Main.storyboard */,
				CCE90D7D250EA27200CC3685 /* Assets.xcassets */,
				CCE90D7F250EA27200CC3685 /* LaunchScreen.storyboard */,
				CCE90D82250EA27200CC3685 /* Info.plist */,
			);
			path = "Color Maker";
			sourceTree = "<group>";
		};
/* End PBXGroup section */

/* Begin PBXNativeTarget section */
		CCE90D70250EA26F00CC3685 /* Color Maker */ = {
			isa = PBXNativeTarget;
			buildConfigurationList = CCE90D85250EA27200CC3685 /* Build configuration list for PBXNativeTarget "Color Maker" */;
			buildPhases = (
				CCE90D6D250EA26F00CC3685 /* Sources */,
				CCE90D6E250EA26F00CC3685 /* Frameworks */,
				CCE90D6F250EA26F00CC3685 /* Resources */,
			);
			buildRules = (
			);
			dependencies = (
			);
			name = "Color Maker";
			productName = "Color Maker";
			productReference = CCE90D71250EA26F00CC3685 /* Color Maker.app */;
			productType = "com.apple.product-type.application";
		};
/* End PBXNativeTarget section */

/* Begin PBXProject section */
		CCE90D69250EA26F00CC3685 /* Project object */ = {
			isa = PBXProject;
			attributes = {
				LastSwiftUpdateCheck = 1170;
				LastUpgradeCheck = 1170;
				ORGANIZATIONNAME = "William K Hughes";
				TargetAttributes = {
					CCE90D70250EA26F00CC3685 = {
						CreatedOnToolsVersion = 11.7;
					};
				};
			};
			buildConfigurationList = CCE90D6C250EA26F00CC3685 /* Build configuration list for PBXProject "Color Maker" */;
			compatibilityVersion = "Xcode 9.3";
			developmentRegion = en;
			hasScannedForEncodings = 0;
			knownRegions = (
				en,
				Base,
			);
			mainGroup = CCE90D68250EA26F00CC3685;
			productRefGroup = CCE90D72250EA26F00CC3685 /* Products */;
			projectDirPath = "";
			projectRoot = "";
			targets = (
				CCE90D70250EA26F00CC3685 /* Color Maker */,
			);
		};
/* End PBXProject section */

/* Begin PBXResourcesBuildPhase section */
		CCE90D6F250EA26F00CC3685 /* Resources */ = {
			isa = PBXResourcesBuildPhase;
			buildActionMask = 2147483647;
			files = (
				CCE90D81250EA27200CC3685 /* LaunchScreen.storyboard in Resources */,
				CCE90D7E250EA27200CC3685 /* Assets.xcassets in Resources */,
				CCE90D7C250EA26F00CC3685 /* Main.storyboard in Resources */,
			);
			runOnlyForDeploymentPostprocessing = 0;
		};
/* End PBXResourcesBuildPhase section */

/* Begin PBXSourcesBuildPhase section */
		CCE90D6D250EA26F00CC3685 /* Sources */ = {
			isa = PBXSourcesBuildPhase;
			buildActionMask = 2147483647;
			files = (
				CCE90D79250EA26F00CC3685 /* ViewController.swift in Sources */,
				CCE90D75250EA26F00CC3685 /* AppDelegate.swift in Sources */,
				CCE90D77250EA26F00CC3685 /* SceneDelegate.swift in Sources */,
			);
			runOnlyForDeploymentPostprocessing = 0;
		};
/* End PBXSourcesBuildPhase section */

/* Begin PBXVariantGroup section */
		CCE90D7A250EA26F00CC3685 /* Main.storyboard */ = {
			isa = PBXVariantGroup;
			children = (
				CCE90D7B250EA26F00CC3685 /* Base */,
			);
			name = Main.storyboard;
			sourceTree = "<group>";
		};
		CCE90D7F250EA27200CC3685 /* LaunchScreen.storyboard */ = {
			isa = PBXVariantGroup;
			children = (
				CCE90D80250EA27200CC3685 /* Base */,
			);
			name = LaunchScreen.storyboard;
			sourceTree = "<group>";
		};
/* End PBXVariantGroup section */

/* Begin XCBuildConfiguration section */
		CCE90D83250EA27200CC3685 /* Debug */ = {
			isa = XCBuildConfiguration;
			buildSettings = {
				ALWAYS_SEARCH_USER_PATHS = NO;
				CLANG_ANALYZER_NONNULL = YES;
				CLANG_ANALYZER_NUMBER_OBJECT_CONVERSION = YES_AGGRESSIVE;
				CLANG_CXX_LANGUAGE_STANDARD = "gnu++14";
				CLANG_CXX_LIBRARY = "libc++";
				CLANG_ENABLE_MODULES = YES;
				CLANG_ENABLE_OBJC_ARC = YES;
				CLANG_ENABLE_OBJC_WEAK = YES;
				CLANG_WARN_BLOCK_CAPTURE_AUTORELEASING = YES;
				CLANG_WARN_BOOL_CONVERSION = YES;
				CLANG_WARN_COMMA = YES;
				CLANG_WARN_CONSTANT_CONVERSION = YES;
				CLANG_WARN_DEPRECATED_OBJC_IMPLEMENTATIONS = YES;
				CLANG_WARN_DIRECT_OBJC_ISA_USAGE = YES_ERROR;
				CLANG_WARN_DOCUMENTATION_COMMENTS = YES;
				CLANG_WARN_EMPTY_BODY = YES;
				CLANG_WARN_ENUM_CONVERSION = YES;
				CLANG_WARN_INFINITE_RECURSION = YES;
				CLANG_WARN_INT_CONVERSION = YES;
				CLANG_WARN_NON_LITERAL_NULL_CONVERSION = YES;
				CLANG_WARN_OBJC_IMPLICIT_RETAIN_SELF = YES;
				CLANG_WARN_OBJC_LITERAL_CONVERSION = YES;
				CLANG_WARN_OBJC_ROOT_CLASS = YES_ERROR;
				CLANG_WARN_RANGE_LOOP_ANALYSIS = YES;
				CLANG_WARN_STRICT_PROTOTYPES = YES;
				CLANG_WARN_SUSPICIOUS_MOVE = YES;
				CLANG_WARN_UNGUARDED_AVAILABILITY = YES_AGGRESSIVE;
				CLANG_WARN_UNREACHABLE_CODE = YES;
				CLANG_WARN__DUPLICATE_METHOD_MATCH = YES;
				COPY_PHASE_STRIP = NO;
				DEBUG_INFORMATION_FORMAT = dwarf;
				ENABLE_STRICT_OBJC_MSGSEND = YES;
				ENABLE_TESTABILITY = YES;
				GCC_C_LANGUAGE_STANDARD = gnu11;
				GCC_DYNAMIC_NO_PIC = NO;
				GCC_NO_COMMON_BLOCKS = YES;
				GCC_OPTIMIZATION_LEVEL = 0;
				GCC_PREPROCESSOR_DEFINITIONS = (
					"DEBUG=1",
					"$(inherited)",
				);
				GCC_WARN_64_TO_32_BIT_CONVERSION = YES;
				GCC_WARN_ABOUT_RETURN_TYPE = YES_ERROR;
				GCC_WARN_UNDECLARED_SELECTOR = YES;
				GCC_WARN_UNINITIALIZED_AUTOS = YES_AGGRESSIVE;
				GCC_WARN_UNUSED_FUNCTION = YES;
				GCC_WARN_UNUSED_VARIABLE = YES;
				IPHONEOS_DEPLOYMENT_TARGET = 13.7;
				MTL_ENABLE_DEBUG_INFO = INCLUDE_SOURCE;
				MTL_FAST_MATH = YES;
				ONLY_ACTIVE_ARCH = YES;
				SDKROOT = iphoneos;
				SWIFT_ACTIVE_COMPILATION_CONDITIONS = DEBUG;
				SWIFT_OPTIMIZATION_LEVEL = "-Onone";
			};
			name = Debug;
		};
		CCE90D84250EA27200CC3685 /* Release */ = {
			isa = XCBuildConfiguration;
			buildSettings = {
				ALWAYS_SEARCH_USER_PATHS = NO;
				CLANG_ANALYZER_NONNULL = YES;
				CLANG_ANALYZER_NUMBER_OBJECT_CONVERSION = YES_AGGRESSIVE;
				CLANG_CXX_LANGUAGE_STANDARD = "gnu++14";
				CLANG_CXX_LIBRARY = "libc++";
				CLANG_ENABLE_MODULES = YES;
				CLANG_ENABLE_OBJC_ARC = YES;
				CLANG_ENABLE_OBJC_WEAK = YES;
				CLANG_WARN_BLOCK_CAPTURE_AUTORELEASING = YES;
				CLANG_WARN_BOOL_CONVERSION = YES;
				CLANG_WARN_COMMA = YES;
				CLANG_WARN_CONSTANT_CONVERSION = YES;
				CLANG_WARN_DEPRECATED_OBJC_IMPLEMENTATIONS = YES;
				CLANG_WARN_DIRECT_OBJC_ISA_USAGE = YES_ERROR;
				CLANG_WARN_DOCUMENTATION_COMMENTS = YES;
				CLANG_WARN_EMPTY_BODY = YES;
				CLANG_WARN_ENUM_CONVERSION = YES;
				CLANG_WARN_INFINITE_RECURSION = YES;
				CLANG_WARN_INT_CONVERSION = YES;
				CLANG_WARN_NON_LITERAL_NULL_CONVERSION = YES;
				CLANG_WARN_OBJC_IMPLICIT_RETAIN_SELF = YES;
				CLANG_WARN_OBJC_LITERAL_CONVERSION = YES;
				CLANG_WARN_OBJC_ROOT_CLASS = YES_ERROR;
				CLANG_WARN_RANGE_LOOP_ANALYSIS = YES;
				CLANG_WARN_STRICT_PROTOTYPES = YES;
				CLANG_WARN_SUSPICIOUS_MOVE = YES;
				CLANG_WARN_UNGUARDED_AVAILABILITY = YES_AGGRESSIVE;
				CLANG_WARN_UNREACHABLE_CODE = YES;
				CLANG_WARN__DUPLICATE_METHOD_MATCH = YES;
				COPY_PHASE_STRIP = NO;
				DEBUG_INFORMATION_FORMAT = "dwarf-with-dsym";
				ENABLE_NS_ASSERTIONS = NO;
				ENABLE_STRICT_OBJC_MSGSEND = YES;
				GCC_C_LANGUAGE_STANDARD = gnu11;
				GCC_NO_COMMON_BLOCKS = YES;
				GCC_WARN_64_TO_32_BIT_CONVERSION = YES;
				GCC_WARN_ABOUT_RETURN_TYPE = YES_ERROR;
				GCC_WARN_UNDECLARED_SELECTOR = YES;
				GCC_WARN_UNINITIALIZED_AUTOS = YES_AGGRESSIVE;
				GCC_WARN_UNUSED_FUNCTION = YES;
				GCC_WARN_UNUSED_VARIABLE = YES;
				IPHONEOS_DEPLOYMENT_TARGET = 13.7;
				MTL_ENABLE_DEBUG_INFO = NO;
				MTL_FAST_MATH = YES;
				SDKROOT = iphoneos;
				SWIFT_COMPILATION_MODE = wholemodule;
				SWIFT_OPTIMIZATION_LEVEL = "-O";
				VALIDATE_PRODUCT = YES;
			};
			name = Release;
		};
		CCE90D86250EA27200CC3685 /* Debug */ = {
			isa = XCBuildConfiguration;
			buildSettings = {
				ASSETCATALOG_COMPILER_APPICON_NAME = AppIcon;
				CODE_SIGN_STYLE = Automatic;
				DEVELOPMENT_TEAM = 42T8X35HTY;
				INFOPLIST_FILE = "Color Maker/Info.plist";
				LD_RUNPATH_SEARCH_PATHS = (
					"$(inherited)",
					"@executable_path/Frameworks",
				);
				PRODUCT_BUNDLE_IDENTIFIER = "williamkhughes.Color-Maker";
				PRODUCT_NAME = "$(TARGET_NAME)";
				SWIFT_VERSION = 5.0;
				TARGETED_DEVICE_FAMILY = "1,2";
			};
			name = Debug;
		};
		CCE90D87250EA27200CC3685 /* Release */ = {
			isa = XCBuildConfiguration;
			buildSettings = {
				ASSETCATALOG_COMPILER_APPICON_NAME = AppIcon;
				CODE_SIGN_STYLE = Automatic;
				DEVELOPMENT_TEAM = 42T8X35HTY;
				INFOPLIST_FILE = "Color Maker/Info.plist";
				LD_RUNPATH_SEARCH_PATHS = (
					"$(inherited)",
					"@executable_path/Frameworks",
				);
				PRODUCT_BUNDLE_IDENTIFIER = "williamkhughes.Color-Maker";
				PRODUCT_NAME = "$(TARGET_NAME)";
				SWIFT_VERSION = 5.0;
				TARGETED_DEVICE_FAMILY = "1,2";
			};
			name = Release;
		};
/* End XCBuildConfiguration section */

/* Begin XCConfigurationList section */
		CCE90D6C250EA26F00CC3685 /* Build configuration list for PBXProject "Color Maker" */ = {
			isa = XCConfigurationList;
			buildConfigurations = (
				CCE90D83250EA27200CC3685 /* Debug */,
				CCE90D84250EA27200CC3685 /* Release */,
			);
			defaultConfigurationIsVisible = 0;
			defaultConfigurationName = Release;
		};
		CCE90D85250EA27200CC3685 /* Build configuration list for PBXNativeTarget "Color Maker" */ = {
			isa = XCConfigurationList;
			buildConfigurations = (
				CCE90D86250EA27200CC3685 /* Debug */,
				CCE90D87250EA27200CC3685 /* Release */,
			);
			defaultConfigurationIsVisible = 0;
			defaultConfigurationName = Release;
		};
/* End XCConfigurationList section */
	};
	rootObject = CCE90D69250EA26F00CC3685 /* Project object */;
}
